
Microsoft Visual Studio Solution File, Format Version 12.00
# Visual Studio Version 17
VisualStudioVersion = 17.5.2.0
MinimumVisualStudioVersion = 10.0.40219.1
Project("{2150E333-8FDC-42A3-9474-1A3956D46DE8}") = "apps", "apps", "{1787FE1D-075E-9E68-7218-25F1BD1BBEAB}"
EndProject
Project("{2150E333-8FDC-42A3-9474-1A3956D46DE8}") = "api", "api", "{BC2D172B-13BC-136C-CDB1-4B1A687208C4}"
EndProject
Project("{FAE04EC0-301F-11D3-BF4B-00C04F79EFBC}") = "WebCrawlerApi", "apps\api\WebCrawlerApi.csproj", "{A968C48B-E91F-BDCC-0584-EB1E33337623}"
EndProject
Project("{2150E333-8FDC-42A3-9474-1A3956D46DE8}") = "api.Tests", "api.Tests", "{1D5C7E48-FF9F-74B7-B83E-7915C1A6673D}"
EndProject
Project("{FAE04EC0-301F-11D3-BF4B-00C04F79EFBC}") = "WebCrawlerApi.Tests", "apps\api.Tests\WebCrawlerApi.Tests.csproj", "{8964FE56-4A81-4068-ACC7-BC009B752964}"
EndProject
Global
	GlobalSection(SolutionConfigurationPlatforms) = preSolution
		Debug|Any CPU = Debug|Any CPU
		Debug|x64 = Debug|x64
		Debug|x86 = Debug|x86
		Release|Any CPU = Release|Any CPU
		Release|x64 = Release|x64
		Release|x86 = Release|x86
	EndGlobalSection
	GlobalSection(ProjectConfigurationPlatforms) = postSolution
		{A968C48B-E91F-BDCC-0584-EB1E33337623}.Debug|Any CPU.ActiveCfg = Debug|Any CPU
		{A968C48B-E91F-BDCC-0584-EB1E33337623}.Debug|Any CPU.Build.0 = Debug|Any CPU
		{A968C48B-E91F-BDCC-0584-EB1E33337623}.Debug|x64.ActiveCfg = Debug|Any CPU
		{A968C48B-E91F-BDCC-0584-EB1E33337623}.Debug|x64.Build.0 = Debug|Any CPU
		{A968C48B-E91F-BDCC-0584-EB1E33337623}.Debug|x86.ActiveCfg = Debug|Any CPU
		{A968C48B-E91F-BDCC-0584-EB1E33337623}.Debug|x86.Build.0 = Debug|Any CPU
		{A968C48B-E91F-BDCC-0584-EB1E33337623}.Release|Any CPU.ActiveCfg = Release|Any CPU
		{A968C48B-E91F-BDCC-0584-EB1E33337623}.Release|Any CPU.Build.0 = Release|Any CPU
		{A968C48B-E91F-BDCC-0584-EB1E33337623}.Release|x64.ActiveCfg = Release|Any CPU
		{A968C48B-E91F-BDCC-0584-EB1E33337623}.Release|x64.Build.0 = Release|Any CPU
		{A968C48B-E91F-BDCC-0584-EB1E33337623}.Release|x86.ActiveCfg = Release|Any CPU
		{A968C48B-E91F-BDCC-0584-EB1E33337623}.Release|x86.Build.0 = Release|Any CPU
		{8964FE56-4A81-4068-ACC7-BC009B752964}.Debug|Any CPU.ActiveCfg = Debug|Any CPU
		{8964FE56-4A81-4068-ACC7-BC009B752964}.Debug|Any CPU.Build.0 = Debug|Any CPU
		{8964FE56-4A81-4068-ACC7-BC009B752964}.Debug|x64.ActiveCfg = Debug|Any CPU
		{8964FE56-4A81-4068-ACC7-BC009B752964}.Debug|x64.Build.0 = Debug|Any CPU
		{8964FE56-4A81-4068-ACC7-BC009B752964}.Debug|x86.ActiveCfg = Debug|Any CPU
		{8964FE56-4A81-4068-ACC7-BC009B752964}.Debug|x86.Build.0 = Debug|Any CPU
		{8964FE56-4A81-4068-ACC7-BC009B752964}.Release|Any CPU.ActiveCfg = Release|Any CPU
		{8964FE56-4A81-4068-ACC7-BC009B752964}.Release|Any CPU.Build.0 = Release|Any CPU
		{8964FE56-4A81-4068-ACC7-BC009B752964}.Release|x64.ActiveCfg = Release|Any CPU
		{8964FE56-4A81-4068-ACC7-BC009B752964}.Release|x64.Build.0 = Release|Any CPU
		{8964FE56-4A81-4068-ACC7-BC009B752964}.Release|x86.ActiveCfg = Release|Any CPU
		{8964FE56-4A81-4068-ACC7-BC009B752964}.Release|x86.Build.0 = Release|Any CPU
	EndGlobalSection
	GlobalSection(SolutionProperties) = preSolution
		HideSolutionNode = FALSE
	EndGlobalSection
	GlobalSection(NestedProjects) = preSolution
		{BC2D172B-13BC-136C-CDB1-4B1A687208C4} = {1787FE1D-075E-9E68-7218-25F1BD1BBEAB}
		{A968C48B-E91F-BDCC-0584-EB1E33337623} = {BC2D172B-13BC-136C-CDB1-4B1A687208C4}
		{1D5C7E48-FF9F-74B7-B83E-7915C1A6673D} = {1787FE1D-075E-9E68-7218-25F1BD1BBEAB}
		{8964FE56-4A81-4068-ACC7-BC009B752964} = {1D5C7E48-FF9F-74B7-B83E-7915C1A6673D}
	EndGlobalSection
	GlobalSection(ExtensibilityGlobals) = postSolution
		SolutionGuid = {D362AAE0-FB0E-4177-AE8C-07EDFEBB8E29}
	EndGlobalSection
EndGlobal
